
Microsoft Visual Studio Solution File, Format Version 12.00
# Visual Studio Version 17
VisualStudioVersion = 17.7.34031.279
MinimumVisualStudioVersion = 10.0.40219.1
Project("{F2A71F9B-5D33-465A-A702-920D77279786}") = "Ejercicio2", "Ejercicio2\Ejercicio2.fsproj", "{3982EBA0-4A10-4BA3-A6F5-D0DD6358F8ED}"
EndProject
Global
	GlobalSection(SolutionConfigurationPlatforms) = preSolution
		Debug|Any CPU = Debug|Any CPU
		Release|Any CPU = Release|Any CPU
	EndGlobalSection
	GlobalSection(ProjectConfigurationPlatforms) = postSolution
		{3982EBA0-4A10-4BA3-A6F5-D0DD6358F8ED}.Debug|Any CPU.ActiveCfg = Debug|Any CPU
		{3982EBA0-4A10-4BA3-A6F5-D0DD6358F8ED}.Debug|Any CPU.Build.0 = Debug|Any CPU
		{3982EBA0-4A10-4BA3-A6F5-D0DD6358F8ED}.Release|Any CPU.ActiveCfg = Release|Any CPU
		{3982EBA0-4A10-4BA3-A6F5-D0DD6358F8ED}.Release|Any CPU.Build.0 = Release|Any CPU
	EndGlobalSection
	GlobalSection(SolutionProperties) = preSolution
		HideSolutionNode = FALSE
	EndGlobalSection
	GlobalSection(ExtensibilityGlobals) = postSolution
		SolutionGuid = {1B91078F-E2F1-4441-9AAC-9B1067A67E62}
	EndGlobalSection
EndGlobal
